
Microsoft Visual Studio Solution File, Format Version 12.00
# Visual Studio Version 16
VisualStudioVersion = 16.0.29403.142
MinimumVisualStudioVersion = 10.0.40219.1
Project("{FAE04EC0-301F-11D3-BF4B-00C04F79EFBC}") = "Octopus.DbUp", "Octopus.DbUp.csproj", "{F66E7E86-1F7F-48FD-9511-32A644DEC84C}"
EndProject
Global
	GlobalSection(SolutionConfigurationPlatforms) = preSolution
		Debug|Any CPU = Debug|Any CPU
		Release|Any CPU = Release|Any CPU
	EndGlobalSection
	GlobalSection(ProjectConfigurationPlatforms) = postSolution
		{F66E7E86-1F7F-48FD-9511-32A644DEC84C}.Debug|Any CPU.ActiveCfg = Debug|Any CPU
		{F66E7E86-1F7F-48FD-9511-32A644DEC84C}.Debug|Any CPU.Build.0 = Debug|Any CPU
		{F66E7E86-1F7F-48FD-9511-32A644DEC84C}.Release|Any CPU.ActiveCfg = Release|Any CPU
		{F66E7E86-1F7F-48FD-9511-32A644DEC84C}.Release|Any CPU.Build.0 = Release|Any CPU
	EndGlobalSection
	GlobalSection(SolutionProperties) = preSolution
		HideSolutionNode = FALSE
	EndGlobalSection
	GlobalSection(ExtensibilityGlobals) = postSolution
		SolutionGuid = {35A67656-49E3-4D8A-994B-2DA4554C4015}
	EndGlobalSection
EndGlobal
